
Microsoft Visual Studio Solution File, Format Version 12.00
# Visual Studio Version 16
VisualStudioVersion = 16.0.30320.27
MinimumVisualStudioVersion = 10.0.40219.1
Project("{2150E333-8FDC-42A3-9474-1A3956D46DE8}") = "src", "src", "{4A41ACCD-409D-4BF0-BEAE-5155D90C8005}"
EndProject
Project("{2150E333-8FDC-42A3-9474-1A3956D46DE8}") = "samples", "samples", "{8E6DE1F3-52EE-4E08-985A-D7DFDB1F3CE1}"
EndProject
Project("{9A19103F-16F7-4668-BE54-9A1E7A4F7556}") = "K9Nano.Modular.Abstraction", "src\K9Nano.Modular.Abstraction\K9Nano.Modular.Abstraction.csproj", "{4601BAFD-59D4-48FD-AB41-9D7BF29660C7}"
EndProject
Project("{2150E333-8FDC-42A3-9474-1A3956D46DE8}") = "Solution Items", "Solution Items", "{F1458A10-2D65-482F-A750-FBAAAD10FBFD}"
	ProjectSection(SolutionItems) = preProject
		Directory.Build.props = Directory.Build.props
		NuGet.Config = NuGet.Config
		README.md = README.md
	EndProjectSection
EndProject
Project("{9A19103F-16F7-4668-BE54-9A1E7A4F7556}") = "K9Nano.Modular.Web", "samples\K9Nano.Modular.Web\K9Nano.Modular.Web.csproj", "{73284385-089D-4A4D-ADB3-1D853F8EFA1F}"
EndProject
Project("{9A19103F-16F7-4668-BE54-9A1E7A4F7556}") = "K9Nano.Modular.Core", "src\K9Nano.Modular.Core\K9Nano.Modular.Core.csproj", "{28C45E4F-D6C7-49BA-AB96-3A6DD97D0A73}"
EndProject
Project("{9A19103F-16F7-4668-BE54-9A1E7A4F7556}") = "ModuleA", "samples\ModuleA\ModuleA.csproj", "{CEB6B79D-3A86-4548-8F8D-5C3F8CD38636}"
EndProject
Project("{2150E333-8FDC-42A3-9474-1A3956D46DE8}") = "targets", "targets", "{5AA3AA04-831C-4C89-B1B5-ADA3916BE924}"
EndProject
Project("{9A19103F-16F7-4668-BE54-9A1E7A4F7556}") = "K9Nano.Modular.Module.Targets", "src\K9Nano.Modular.Module.Targets\K9Nano.Modular.Module.Targets.csproj", "{B8ECA0F9-E9F6-4785-A0E4-1763DD9C1A87}"
EndProject
Project("{9A19103F-16F7-4668-BE54-9A1E7A4F7556}") = "K9Nano.Modular.Targets", "src\K9Nano.Modular.Targets\K9Nano.Modular.Targets.csproj", "{7DBBD635-C84A-49CC-89A6-7CA002E1EC97}"
EndProject
Project("{9A19103F-16F7-4668-BE54-9A1E7A4F7556}") = "ModuleB", "samples\ModuleB\ModuleB.csproj", "{158516FC-CC8E-462B-B46C-0BC5AE77AD29}"
EndProject
Global
	GlobalSection(SolutionConfigurationPlatforms) = preSolution
		Debug|Any CPU = Debug|Any CPU
		Release|Any CPU = Release|Any CPU
	EndGlobalSection
	GlobalSection(ProjectConfigurationPlatforms) = postSolution
		{4601BAFD-59D4-48FD-AB41-9D7BF29660C7}.Debug|Any CPU.ActiveCfg = Debug|Any CPU
		{4601BAFD-59D4-48FD-AB41-9D7BF29660C7}.Debug|Any CPU.Build.0 = Debug|Any CPU
		{4601BAFD-59D4-48FD-AB41-9D7BF29660C7}.Release|Any CPU.ActiveCfg = Release|Any CPU
		{4601BAFD-59D4-48FD-AB41-9D7BF29660C7}.Release|Any CPU.Build.0 = Release|Any CPU
		{73284385-089D-4A4D-ADB3-1D853F8EFA1F}.Debug|Any CPU.ActiveCfg = Debug|Any CPU
		{73284385-089D-4A4D-ADB3-1D853F8EFA1F}.Debug|Any CPU.Build.0 = Debug|Any CPU
		{73284385-089D-4A4D-ADB3-1D853F8EFA1F}.Release|Any CPU.ActiveCfg = Release|Any CPU
		{73284385-089D-4A4D-ADB3-1D853F8EFA1F}.Release|Any CPU.Build.0 = Release|Any CPU
		{28C45E4F-D6C7-49BA-AB96-3A6DD97D0A73}.Debug|Any CPU.ActiveCfg = Debug|Any CPU
		{28C45E4F-D6C7-49BA-AB96-3A6DD97D0A73}.Debug|Any CPU.Build.0 = Debug|Any CPU
		{28C45E4F-D6C7-49BA-AB96-3A6DD97D0A73}.Release|Any CPU.ActiveCfg = Release|Any CPU
		{28C45E4F-D6C7-49BA-AB96-3A6DD97D0A73}.Release|Any CPU.Build.0 = Release|Any CPU
		{CEB6B79D-3A86-4548-8F8D-5C3F8CD38636}.Debug|Any CPU.ActiveCfg = Debug|Any CPU
		{CEB6B79D-3A86-4548-8F8D-5C3F8CD38636}.Debug|Any CPU.Build.0 = Debug|Any CPU
		{CEB6B79D-3A86-4548-8F8D-5C3F8CD38636}.Release|Any CPU.ActiveCfg = Release|Any CPU
		{CEB6B79D-3A86-4548-8F8D-5C3F8CD38636}.Release|Any CPU.Build.0 = Release|Any CPU
		{B8ECA0F9-E9F6-4785-A0E4-1763DD9C1A87}.Debug|Any CPU.ActiveCfg = Debug|Any CPU
		{B8ECA0F9-E9F6-4785-A0E4-1763DD9C1A87}.Debug|Any CPU.Build.0 = Debug|Any CPU
		{B8ECA0F9-E9F6-4785-A0E4-1763DD9C1A87}.Release|Any CPU.ActiveCfg = Release|Any CPU
		{B8ECA0F9-E9F6-4785-A0E4-1763DD9C1A87}.Release|Any CPU.Build.0 = Release|Any CPU
		{7DBBD635-C84A-49CC-89A6-7CA002E1EC97}.Debug|Any CPU.ActiveCfg = Debug|Any CPU
		{7DBBD635-C84A-49CC-89A6-7CA002E1EC97}.Debug|Any CPU.Build.0 = Debug|Any CPU
		{7DBBD635-C84A-49CC-89A6-7CA002E1EC97}.Release|Any CPU.ActiveCfg = Release|Any CPU
		{7DBBD635-C84A-49CC-89A6-7CA002E1EC97}.Release|Any CPU.Build.0 = Release|Any CPU
		{158516FC-CC8E-462B-B46C-0BC5AE77AD29}.Debug|Any CPU.ActiveCfg = Debug|Any CPU
		{158516FC-CC8E-462B-B46C-0BC5AE77AD29}.Debug|Any CPU.Build.0 = Debug|Any CPU
		{158516FC-CC8E-462B-B46C-0BC5AE77AD29}.Release|Any CPU.ActiveCfg = Release|Any CPU
		{158516FC-CC8E-462B-B46C-0BC5AE77AD29}.Release|Any CPU.Build.0 = Release|Any CPU
	EndGlobalSection
	GlobalSection(SolutionProperties) = preSolution
		HideSolutionNode = FALSE
	EndGlobalSection
	GlobalSection(NestedProjects) = preSolution
		{4601BAFD-59D4-48FD-AB41-9D7BF29660C7} = {4A41ACCD-409D-4BF0-BEAE-5155D90C8005}
		{73284385-089D-4A4D-ADB3-1D853F8EFA1F} = {8E6DE1F3-52EE-4E08-985A-D7DFDB1F3CE1}
		{28C45E4F-D6C7-49BA-AB96-3A6DD97D0A73} = {4A41ACCD-409D-4BF0-BEAE-5155D90C8005}
		{CEB6B79D-3A86-4548-8F8D-5C3F8CD38636} = {8E6DE1F3-52EE-4E08-985A-D7DFDB1F3CE1}
		{B8ECA0F9-E9F6-4785-A0E4-1763DD9C1A87} = {5AA3AA04-831C-4C89-B1B5-ADA3916BE924}
		{7DBBD635-C84A-49CC-89A6-7CA002E1EC97} = {5AA3AA04-831C-4C89-B1B5-ADA3916BE924}
		{158516FC-CC8E-462B-B46C-0BC5AE77AD29} = {8E6DE1F3-52EE-4E08-985A-D7DFDB1F3CE1}
	EndGlobalSection
	GlobalSection(ExtensibilityGlobals) = postSolution
		SolutionGuid = {2F78EE40-FC89-40A6-9566-03A456C0C461}
	EndGlobalSection
EndGlobal
